
Microsoft Visual Studio Solution File, Format Version 12.00
# Visual Studio Version 17
VisualStudioVersion = 17.1.32210.238
MinimumVisualStudioVersion = 10.0.40219.1
Project("{FAE04EC0-301F-11D3-BF4B-00C04F79EFBC}") = "WebBlog", "WebBlog\WebBlog.csproj", "{EB05F25E-65BD-447A-A577-D0CDB9C486F7}"
EndProject
Global
	GlobalSection(SolutionConfigurationPlatforms) = preSolution
		Debug|Any CPU = Debug|Any CPU
		Release|Any CPU = Release|Any CPU
	EndGlobalSection
	GlobalSection(ProjectConfigurationPlatforms) = postSolution
		{EB05F25E-65BD-447A-A577-D0CDB9C486F7}.Debug|Any CPU.ActiveCfg = Debug|Any CPU
		{EB05F25E-65BD-447A-A577-D0CDB9C486F7}.Debug|Any CPU.Build.0 = Debug|Any CPU
		{EB05F25E-65BD-447A-A577-D0CDB9C486F7}.Release|Any CPU.ActiveCfg = Release|Any CPU
		{EB05F25E-65BD-447A-A577-D0CDB9C486F7}.Release|Any CPU.Build.0 = Release|Any CPU
	EndGlobalSection
	GlobalSection(SolutionProperties) = preSolution
		HideSolutionNode = FALSE
	EndGlobalSection
	GlobalSection(ExtensibilityGlobals) = postSolution
		SolutionGuid = {EBABF559-464E-4332-8044-A2A86AC1E25E}
	EndGlobalSection
EndGlobal
